
Microsoft Visual Studio Solution File, Format Version 12.00
# Visual Studio Version 17
VisualStudioVersion = 17.5.002.0
MinimumVisualStudioVersion = 10.0.40219.1
Project("{9A19103F-16F7-4668-BE54-9A1E7A4F7556}") = "SelectionSort", "SelectionSort.csproj", "{96F8FC92-C3AB-49E1-886F-53284E8D7B43}"
EndProject
Global
	GlobalSection(SolutionConfigurationPlatforms) = preSolution
		Debug|Any CPU = Debug|Any CPU
		Release|Any CPU = Release|Any CPU
	EndGlobalSection
	GlobalSection(ProjectConfigurationPlatforms) = postSolution
		{96F8FC92-C3AB-49E1-886F-53284E8D7B43}.Debug|Any CPU.ActiveCfg = Debug|Any CPU
		{96F8FC92-C3AB-49E1-886F-53284E8D7B43}.Debug|Any CPU.Build.0 = Debug|Any CPU
		{96F8FC92-C3AB-49E1-886F-53284E8D7B43}.Release|Any CPU.ActiveCfg = Release|Any CPU
		{96F8FC92-C3AB-49E1-886F-53284E8D7B43}.Release|Any CPU.Build.0 = Release|Any CPU
	EndGlobalSection
	GlobalSection(SolutionProperties) = preSolution
		HideSolutionNode = FALSE
	EndGlobalSection
	GlobalSection(ExtensibilityGlobals) = postSolution
		SolutionGuid = {5571C1B0-1784-4D46-B622-FACE06F0B3A4}
	EndGlobalSection
EndGlobal
